
Microsoft Visual Studio Solution File, Format Version 12.00
# Visual Studio 15
VisualStudioVersion = 15.0.26730.12
MinimumVisualStudioVersion = 10.0.40219.1
Project("{FAE04EC0-301F-11D3-BF4B-00C04F79EFBC}") = "Practicum13Mathias", "Practicum13Mathias\Practicum13Mathias.csproj", "{AE1DD2B0-6BFF-446A-BCEE-8F330D0DD007}"
EndProject
Global
	GlobalSection(SolutionConfigurationPlatforms) = preSolution
		Debug|Any CPU = Debug|Any CPU
		Release|Any CPU = Release|Any CPU
	EndGlobalSection
	GlobalSection(ProjectConfigurationPlatforms) = postSolution
		{AE1DD2B0-6BFF-446A-BCEE-8F330D0DD007}.Debug|Any CPU.ActiveCfg = Debug|Any CPU
		{AE1DD2B0-6BFF-446A-BCEE-8F330D0DD007}.Debug|Any CPU.Build.0 = Debug|Any CPU
		{AE1DD2B0-6BFF-446A-BCEE-8F330D0DD007}.Release|Any CPU.ActiveCfg = Release|Any CPU
		{AE1DD2B0-6BFF-446A-BCEE-8F330D0DD007}.Release|Any CPU.Build.0 = Release|Any CPU
	EndGlobalSection
	GlobalSection(SolutionProperties) = preSolution
		HideSolutionNode = FALSE
	EndGlobalSection
	GlobalSection(ExtensibilityGlobals) = postSolution
		SolutionGuid = {EF5FF942-673C-47B7-A810-2C779723BEC8}
	EndGlobalSection
EndGlobal
